
Microsoft Visual Studio Solution File, Format Version 12.00
# Visual Studio Version 16
VisualStudioVersion = 16.0.28803.202
MinimumVisualStudioVersion = 10.0.40219.1
Project("{FAE04EC0-301F-11D3-BF4B-00C04F79EFBC}") = "SharpVersion", "SharpVersion.csproj", "{CBBC25EC-FE39-43BD-AA9C-5EB404E78D58}"
EndProject
Global
	GlobalSection(SolutionConfigurationPlatforms) = preSolution
		Debug|Any CPU = Debug|Any CPU
		Release|Any CPU = Release|Any CPU
	EndGlobalSection
	GlobalSection(ProjectConfigurationPlatforms) = postSolution
		{CBBC25EC-FE39-43BD-AA9C-5EB404E78D58}.Debug|Any CPU.ActiveCfg = Debug|Any CPU
		{CBBC25EC-FE39-43BD-AA9C-5EB404E78D58}.Debug|Any CPU.Build.0 = Debug|Any CPU
		{CBBC25EC-FE39-43BD-AA9C-5EB404E78D58}.Release|Any CPU.ActiveCfg = Release|Any CPU
		{CBBC25EC-FE39-43BD-AA9C-5EB404E78D58}.Release|Any CPU.Build.0 = Release|Any CPU
	EndGlobalSection
	GlobalSection(SolutionProperties) = preSolution
		HideSolutionNode = FALSE
	EndGlobalSection
	GlobalSection(ExtensibilityGlobals) = postSolution
		SolutionGuid = {EB2602FB-7FC0-4881-87B0-7F9CF54B6F36}
	EndGlobalSection
EndGlobal
